// !$*UTF8*$!
{
	archiveVersion = 1;
	classes = {
	};
	objectVersion = 77;
	objects = {

/* Begin PBXBuildFile section */
		96AB26B32F370EE5009A1CCF /* FirebaseAI in Frameworks */ = {isa = PBXBuildFile; productRef = 96AB26B22F370EE5009A1CCF /* FirebaseAI */; };
		96AB26B52F370EE5009A1CCF /* FirebaseAILogic in Frameworks */ = {isa = PBXBuildFile; productRef = 96AB26B42F370EE5009A1CCF /* FirebaseAILogic */; };
		96AB26B72F370EE5009A1CCF /* FirebaseAnalytics in Frameworks */ = {isa = PBXBuildFile; productRef = 96AB26B62F370EE5009A1CCF /* FirebaseAnalytics */; };
		96AB26B92F370EE5009A1CCF /* FirebaseAnalyticsCore in Frameworks */ = {isa = PBXBuildFile; productRef = 96AB26B82F370EE5009A1CCF /* FirebaseAnalyticsCore */; };
		96AB26BB2F370EE5009A1CCF /* FirebaseAnalyticsIdentitySupport in Frameworks */ = {isa = PBXBuildFile; productRef = 96AB26BA2F370EE5009A1CCF /* FirebaseAnalyticsIdentitySupport */; };
		96AB26BD2F370EE5009A1CCF /* FirebaseAppCheck in Frameworks */ = {isa = PBXBuildFile; productRef = 96AB26BC2F370EE5009A1CCF /* FirebaseAppCheck */; };
		96AB26BF2F370EE5009A1CCF /* FirebaseAppDistribution-Beta in Frameworks */ = {isa = PBXBuildFile; productRef = 96AB26BE2F370EE5009A1CCF /* FirebaseAppDistribution-Beta */; };
		96AB26C12F370EE5009A1CCF /* FirebaseAuth in Frameworks */ = {isa = PBXBuildFile; productRef = 96AB26C02F370EE5009A1CCF /* FirebaseAuth */; };
		96AB26C32F370EE5009A1CCF /* FirebaseAuthCombine-Community in Frameworks */ = {isa = PBXBuildFile; productRef = 96AB26C22F370EE5009A1CCF /* FirebaseAuthCombine-Community */; };
		96AB26C52F370EE5009A1CCF /* FirebaseCore in Frameworks */ = {isa = PBXBuildFile; productRef = 96AB26C42F370EE5009A1CCF /* FirebaseCore */; };
		96AB26C72F370EE5009A1CCF /* FirebaseCrashlytics in Frameworks */ = {isa = PBXBuildFile; productRef = 96AB26C62F370EE5009A1CCF /* FirebaseCrashlytics */; };
		96AB26C92F370EE5009A1CCF /* FirebaseDatabase in Frameworks */ = {isa = PBXBuildFile; productRef = 96AB26C82F370EE5009A1CCF /* FirebaseDatabase */; };
		96AB26CB2F370EE5009A1CCF /* FirebaseFirestore in Frameworks */ = {isa = PBXBuildFile; productRef = 96AB26CA2F370EE5009A1CCF /* FirebaseFirestore */; };
		96AB26CD2F370EE5009A1CCF /* FirebaseFirestoreCombine-Community in Frameworks */ = {isa = PBXBuildFile; productRef = 96AB26CC2F370EE5009A1CCF /* FirebaseFirestoreCombine-Community */; };
		96AB26CF2F370EE5009A1CCF /* FirebaseFunctions in Frameworks */ = {isa = PBXBuildFile; productRef = 96AB26CE2F370EE5009A1CCF /* FirebaseFunctions */; };
		96AB26D12F370EE5009A1CCF /* FirebaseFunctionsCombine-Community in Frameworks */ = {isa = PBXBuildFile; productRef = 96AB26D02F370EE5009A1CCF /* FirebaseFunctionsCombine-Community */; };
		96AB26D32F370EE5009A1CCF /* FirebaseInAppMessaging-Beta in Frameworks */ = {isa = PBXBuildFile; productRef = 96AB26D22F370EE5009A1CCF /* FirebaseInAppMessaging-Beta */; };
		96AB26D52F370EE5009A1CCF /* FirebaseInstallations in Frameworks */ = {isa = PBXBuildFile; productRef = 96AB26D42F370EE5009A1CCF /* FirebaseInstallations */; };
		96AB26D72F370EE5009A1CCF /* FirebaseMessaging in Frameworks */ = {isa = PBXBuildFile; productRef = 96AB26D62F370EE5009A1CCF /* FirebaseMessaging */; };
		96AB26D92F370EE5009A1CCF /* FirebaseMLModelDownloader in Frameworks */ = {isa = PBXBuildFile; productRef = 96AB26D82F370EE5009A1CCF /* FirebaseMLModelDownloader */; };
		96AB26DB2F370EE5009A1CCF /* FirebasePerformance in Frameworks */ = {isa = PBXBuildFile; productRef = 96AB26DA2F370EE5009A1CCF /* FirebasePerformance */; };
		96AB26DD2F370EE5009A1CCF /* FirebaseRemoteConfig in Frameworks */ = {isa = PBXBuildFile; productRef = 96AB26DC2F370EE5009A1CCF /* FirebaseRemoteConfig */; };
		96AB26DF2F370EE5009A1CCF /* FirebaseStorage in Frameworks */ = {isa = PBXBuildFile; productRef = 96AB26DE2F370EE5009A1CCF /* FirebaseStorage */; };
		96AB26E12F370EE5009A1CCF /* FirebaseStorageCombine-Community in Frameworks */ = {isa = PBXBuildFile; productRef = 96AB26E02F370EE5009A1CCF /* FirebaseStorageCombine-Community */; };
/* End PBXBuildFile section */

/* Begin PBXFileReference section */
		966CBA992F2DDC1B00ECB764 /* News-Mobile.app */ = {isa = PBXFileReference; explicitFileType = wrapper.application; includeInIndex = 0; path = "News-Mobile.app"; sourceTree = BUILT_PRODUCTS_DIR; };
/* End PBXFileReference section */

/* Begin PBXFileSystemSynchronizedRootGroup section */
		966CBA9B2F2DDC1B00ECB764 /* News-Mobile */ = {
			isa = PBXFileSystemSynchronizedRootGroup;
			path = "News-Mobile";
			sourceTree = "<group>";
		};
/* End PBXFileSystemSynchronizedRootGroup section */

/* Begin PBXFrameworksBuildPhase section */
		966CBA962F2DDC1B00ECB764 /* Frameworks */ = {
			isa = PBXFrameworksBuildPhase;
			buildActionMask = 2147483647;
			files = (
				96AB26BF2F370EE5009A1CCF /* FirebaseAppDistribution-Beta in Frameworks */,
				96AB26CB2F370EE5009A1CCF /* FirebaseFirestore in Frameworks */,
				96AB26C32F370EE5009A1CCF /* FirebaseAuthCombine-Community in Frameworks */,
				96AB26D52F370EE5009A1CCF /* FirebaseInstallations in Frameworks */,
				96AB26B52F370EE5009A1CCF /* FirebaseAILogic in Frameworks */,
				96AB26BB2F370EE5009A1CCF /* FirebaseAnalyticsIdentitySupport in Frameworks */,
				96AB26D32F370EE5009A1CCF /* FirebaseInAppMessaging-Beta in Frameworks */,
				96AB26D92F370EE5009A1CCF /* FirebaseMLModelDownloader in Frameworks */,
				96AB26B32F370EE5009A1CCF /* FirebaseAI in Frameworks */,
				96AB26D72F370EE5009A1CCF /* FirebaseMessaging in Frameworks */,
				96AB26E12F370EE5009A1CCF /* FirebaseStorageCombine-Community in Frameworks */,
				96AB26C72F370EE5009A1CCF /* FirebaseCrashlytics in Frameworks */,
				96AB26DF2F370EE5009A1CCF /* FirebaseStorage in Frameworks */,
				96AB26DD2F370EE5009A1CCF /* FirebaseRemoteConfig in Frameworks */,
				96AB26D12F370EE5009A1CCF /* FirebaseFunctionsCombine-Community in Frameworks */,
				96AB26C92F370EE5009A1CCF /* FirebaseDatabase in Frameworks */,
				96AB26B72F370EE5009A1CCF /* FirebaseAnalytics in Frameworks */,
				96AB26DB2F370EE5009A1CCF /* FirebasePerformance in Frameworks */,
				96AB26C52F370EE5009A1CCF /* FirebaseCore in Frameworks */,
				96AB26BD2F370EE5009A1CCF /* FirebaseAppCheck in Frameworks */,
				96AB26B92F370EE5009A1CCF /* FirebaseAnalyticsCore in Frameworks */,
				96AB26CF2F370EE5009A1CCF /* FirebaseFunctions in Frameworks */,
				96AB26C12F370EE5009A1CCF /* FirebaseAuth in Frameworks */,
				96AB26CD2F370EE5009A1CCF /* FirebaseFirestoreCombine-Community in Frameworks */,
			);
			runOnlyForDeploymentPostprocessing = 0;
		};
/* End PBXFrameworksBuildPhase section */

/* Begin PBXGroup section */
		966CBA902F2DDC1B00ECB764 = {
			isa = PBXGroup;
			children = (
				966CBA9B2F2DDC1B00ECB764 /* News-Mobile */,
				96AB26B12F370EE5009A1CCF /* Frameworks */,
				966CBA9A2F2DDC1B00ECB764 /* Products */,
			);
			sourceTree = "<group>";
		};
		966CBA9A2F2DDC1B00ECB764 /* Products */ = {
			isa = PBXGroup;
			children = (
				966CBA992F2DDC1B00ECB764 /* News-Mobile.app */,
			);
			name = Products;
			sourceTree = "<group>";
		};
		96AB26B12F370EE5009A1CCF /* Frameworks */ = {
			isa = PBXGroup;
			children = (
			);
			name = Frameworks;
			sourceTree = "<group>";
		};
/* End PBXGroup section */

/* Begin PBXNativeTarget section */
		966CBA982F2DDC1B00ECB764 /* News-Mobile */ = {
			isa = PBXNativeTarget;
			buildConfigurationList = 966CBAA42F2DDC1D00ECB764 /* Build configuration list for PBXNativeTarget "News-Mobile" */;
			buildPhases = (
				966CBA952F2DDC1B00ECB764 /* Sources */,
				966CBA962F2DDC1B00ECB764 /* Frameworks */,
				966CBA972F2DDC1B00ECB764 /* Resources */,
			);
			buildRules = (
			);
			dependencies = (
			);
			fileSystemSynchronizedGroups = (
				966CBA9B2F2DDC1B00ECB764 /* News-Mobile */,
			);
			name = "News-Mobile";
			packageProductDependencies = (
				96AB26B22F370EE5009A1CCF /* FirebaseAI */,
				96AB26B42F370EE5009A1CCF /* FirebaseAILogic */,
				96AB26B62F370EE5009A1CCF /* FirebaseAnalytics */,
				96AB26B82F370EE5009A1CCF /* FirebaseAnalyticsCore */,
				96AB26BA2F370EE5009A1CCF /* FirebaseAnalyticsIdentitySupport */,
				96AB26BC2F370EE5009A1CCF /* FirebaseAppCheck */,
				96AB26BE2F370EE5009A1CCF /* FirebaseAppDistribution-Beta */,
				96AB26C02F370EE5009A1CCF /* FirebaseAuth */,
				96AB26C22F370EE5009A1CCF /* FirebaseAuthCombine-Community */,
				96AB26C42F370EE5009A1CCF /* FirebaseCore */,
				96AB26C62F370EE5009A1CCF /* FirebaseCrashlytics */,
				96AB26C82F370EE5009A1CCF /* FirebaseDatabase */,
				96AB26CA2F370EE5009A1CCF /* FirebaseFirestore */,
				96AB26CC2F370EE5009A1CCF /* FirebaseFirestoreCombine-Community */,
				96AB26CE2F370EE5009A1CCF /* FirebaseFunctions */,
				96AB26D02F370EE5009A1CCF /* FirebaseFunctionsCombine-Community */,
				96AB26D22F370EE5009A1CCF /* FirebaseInAppMessaging-Beta */,
				96AB26D42F370EE5009A1CCF /* FirebaseInstallations */,
				96AB26D62F370EE5009A1CCF /* FirebaseMessaging */,
				96AB26D82F370EE5009A1CCF /* FirebaseMLModelDownloader */,
				96AB26DA2F370EE5009A1CCF /* FirebasePerformance */,
				96AB26DC2F370EE5009A1CCF /* FirebaseRemoteConfig */,
				96AB26DE2F370EE5009A1CCF /* FirebaseStorage */,
				96AB26E02F370EE5009A1CCF /* FirebaseStorageCombine-Community */,
			);
			productName = "News-Mobile";
			productReference = 966CBA992F2DDC1B00ECB764 /* News-Mobile.app */;
			productType = "com.apple.product-type.application";
		};
/* End PBXNativeTarget section */

/* Begin PBXProject section */
		966CBA912F2DDC1B00ECB764 /* Project object */ = {
			isa = PBXProject;
			attributes = {
				BuildIndependentTargetsInParallel = 1;
				LastSwiftUpdateCheck = 2620;
				LastUpgradeCheck = 2620;
				TargetAttributes = {
					966CBA982F2DDC1B00ECB764 = {
						CreatedOnToolsVersion = 26.2;
					};
				};
			};
			buildConfigurationList = 966CBA942F2DDC1B00ECB764 /* Build configuration list for PBXProject "News-Mobile" */;
			developmentRegion = en;
			hasScannedForEncodings = 0;
			knownRegions = (
				en,
				Base,
			);
			mainGroup = 966CBA902F2DDC1B00ECB764;
			minimizedProjectReferenceProxies = 1;
			packageReferences = (
				96AB26B02F370ED6009A1CCF /* XCRemoteSwiftPackageReference "firebase-ios-sdk" */,
			);
			preferredProjectObjectVersion = 77;
			productRefGroup = 966CBA9A2F2DDC1B00ECB764 /* Products */;
			projectDirPath = "";
			projectRoot = "";
			targets = (
				966CBA982F2DDC1B00ECB764 /* News-Mobile */,
			);
		};
/* End PBXProject section */

/* Begin PBXResourcesBuildPhase section */
		966CBA972F2DDC1B00ECB764 /* Resources */ = {
			isa = PBXResourcesBuildPhase;
			buildActionMask = 2147483647;
			files = (
			);
			runOnlyForDeploymentPostprocessing = 0;
		};
/* End PBXResourcesBuildPhase section */

/* Begin PBXSourcesBuildPhase section */
		966CBA952F2DDC1B00ECB764 /* Sources */ = {
			isa = PBXSourcesBuildPhase;
			buildActionMask = 2147483647;
			files = (
			);
			runOnlyForDeploymentPostprocessing = 0;
		};
/* End PBXSourcesBuildPhase section */

/* Begin XCBuildConfiguration section */
		966CBAA22F2DDC1D00ECB764 /* Debug */ = {
			isa = XCBuildConfiguration;
			buildSettings = {
				ALWAYS_SEARCH_USER_PATHS = NO;
				ASSETCATALOG_COMPILER_GENERATE_SWIFT_ASSET_SYMBOL_EXTENSIONS = YES;
				CLANG_ANALYZER_NONNULL = YES;
				CLANG_ANALYZER_NUMBER_OBJECT_CONVERSION = YES_AGGRESSIVE;
				CLANG_CXX_LANGUAGE_STANDARD = "gnu++20";
				CLANG_ENABLE_MODULES = YES;
				CLANG_ENABLE_OBJC_ARC = YES;
				CLANG_ENABLE_OBJC_WEAK = YES;
				CLANG_WARN_BLOCK_CAPTURE_AUTORELEASING = YES;
				CLANG_WARN_BOOL_CONVERSION = YES;
				CLANG_WARN_COMMA = YES;
				CLANG_WARN_CONSTANT_CONVERSION = YES;
				CLANG_WARN_DEPRECATED_OBJC_IMPLEMENTATIONS = YES;
				CLANG_WARN_DIRECT_OBJC_ISA_USAGE = YES_ERROR;
				CLANG_WARN_DOCUMENTATION_COMMENTS = YES;
				CLANG_WARN_EMPTY_BODY = YES;
				CLANG_WARN_ENUM_CONVERSION = YES;
				CLANG_WARN_INFINITE_RECURSION = YES;
				CLANG_WARN_INT_CONVERSION = YES;
				CLANG_WARN_NON_LITERAL_NULL_CONVERSION = YES;
				CLANG_WARN_OBJC_IMPLICIT_RETAIN_SELF = YES;
				CLANG_WARN_OBJC_LITERAL_CONVERSION = YES;
				CLANG_WARN_OBJC_ROOT_CLASS = YES_ERROR;
				CLANG_WARN_QUOTED_INCLUDE_IN_FRAMEWORK_HEADER = YES;
				CLANG_WARN_RANGE_LOOP_ANALYSIS = YES;
				CLANG_WARN_STRICT_PROTOTYPES = YES;
				CLANG_WARN_SUSPICIOUS_MOVE = YES;
				CLANG_WARN_UNGUARDED_AVAILABILITY = YES_AGGRESSIVE;
				CLANG_WARN_UNREACHABLE_CODE = YES;
				CLANG_WARN__DUPLICATE_METHOD_MATCH = YES;
				COPY_PHASE_STRIP = NO;
				DEBUG_INFORMATION_FORMAT = dwarf;
				DEVELOPMENT_TEAM = 23463RRK7R;
				ENABLE_STRICT_OBJC_MSGSEND = YES;
				ENABLE_TESTABILITY = YES;
				ENABLE_USER_SCRIPT_SANDBOXING = YES;
				GCC_C_LANGUAGE_STANDARD = gnu17;
				GCC_DYNAMIC_NO_PIC = NO;
				GCC_NO_COMMON_BLOCKS = YES;
				GCC_OPTIMIZATION_LEVEL = 0;
				GCC_PREPROCESSOR_DEFINITIONS = (
					"DEBUG=1",
					"$(inherited)",
				);
				GCC_WARN_64_TO_32_BIT_CONVERSION = YES;
				GCC_WARN_ABOUT_RETURN_TYPE = YES_ERROR;
				GCC_WARN_UNDECLARED_SELECTOR = YES;
				GCC_WARN_UNINITIALIZED_AUTOS = YES_AGGRESSIVE;
				GCC_WARN_UNUSED_FUNCTION = YES;
				GCC_WARN_UNUSED_VARIABLE = YES;
				IPHONEOS_DEPLOYMENT_TARGET = 26.2;
				LOCALIZATION_PREFERS_STRING_CATALOGS = YES;
				MTL_ENABLE_DEBUG_INFO = INCLUDE_SOURCE;
				MTL_FAST_MATH = YES;
				ONLY_ACTIVE_ARCH = YES;
				SDKROOT = iphoneos;
				SWIFT_ACTIVE_COMPILATION_CONDITIONS = "DEBUG $(inherited)";
				SWIFT_OPTIMIZATION_LEVEL = "-Onone";
			};
			name = Debug;
		};
		966CBAA32F2DDC1D00ECB764 /* Release */ = {
			isa = XCBuildConfiguration;
			buildSettings = {
				ALWAYS_SEARCH_USER_PATHS = NO;
				ASSETCATALOG_COMPILER_GENERATE_SWIFT_ASSET_SYMBOL_EXTENSIONS = YES;
				CLANG_ANALYZER_NONNULL = YES;
				CLANG_ANALYZER_NUMBER_OBJECT_CONVERSION = YES_AGGRESSIVE;
				CLANG_CXX_LANGUAGE_STANDARD = "gnu++20";
				CLANG_ENABLE_MODULES = YES;
				CLANG_ENABLE_OBJC_ARC = YES;
				CLANG_ENABLE_OBJC_WEAK = YES;
				CLANG_WARN_BLOCK_CAPTURE_AUTORELEASING = YES;
				CLANG_WARN_BOOL_CONVERSION = YES;
				CLANG_WARN_COMMA = YES;
				CLANG_WARN_CONSTANT_CONVERSION = YES;
				CLANG_WARN_DEPRECATED_OBJC_IMPLEMENTATIONS = YES;
				CLANG_WARN_DIRECT_OBJC_ISA_USAGE = YES_ERROR;
				CLANG_WARN_DOCUMENTATION_COMMENTS = YES;
				CLANG_WARN_EMPTY_BODY = YES;
				CLANG_WARN_ENUM_CONVERSION = YES;
				CLANG_WARN_INFINITE_RECURSION = YES;
				CLANG_WARN_INT_CONVERSION = YES;
				CLANG_WARN_NON_LITERAL_NULL_CONVERSION = YES;
				CLANG_WARN_OBJC_IMPLICIT_RETAIN_SELF = YES;
				CLANG_WARN_OBJC_LITERAL_CONVERSION = YES;
				CLANG_WARN_OBJC_ROOT_CLASS = YES_ERROR;
				CLANG_WARN_QUOTED_INCLUDE_IN_FRAMEWORK_HEADER = YES;
				CLANG_WARN_RANGE_LOOP_ANALYSIS = YES;
				CLANG_WARN_STRICT_PROTOTYPES = YES;
				CLANG_WARN_SUSPICIOUS_MOVE = YES;
				CLANG_WARN_UNGUARDED_AVAILABILITY = YES_AGGRESSIVE;
				CLANG_WARN_UNREACHABLE_CODE = YES;
				CLANG_WARN__DUPLICATE_METHOD_MATCH = YES;
				COPY_PHASE_STRIP = NO;
				DEBUG_INFORMATION_FORMAT = "dwarf-with-dsym";
				DEVELOPMENT_TEAM = 23463RRK7R;
				ENABLE_NS_ASSERTIONS = NO;
				ENABLE_STRICT_OBJC_MSGSEND = YES;
				ENABLE_USER_SCRIPT_SANDBOXING = YES;
				GCC_C_LANGUAGE_STANDARD = gnu17;
				GCC_NO_COMMON_BLOCKS = YES;
				GCC_WARN_64_TO_32_BIT_CONVERSION = YES;
				GCC_WARN_ABOUT_RETURN_TYPE = YES_ERROR;
				GCC_WARN_UNDECLARED_SELECTOR = YES;
				GCC_WARN_UNINITIALIZED_AUTOS = YES_AGGRESSIVE;
				GCC_WARN_UNUSED_FUNCTION = YES;
				GCC_WARN_UNUSED_VARIABLE = YES;
				IPHONEOS_DEPLOYMENT_TARGET = 26.2;
				LOCALIZATION_PREFERS_STRING_CATALOGS = YES;
				MTL_ENABLE_DEBUG_INFO = NO;
				MTL_FAST_MATH = YES;
				SDKROOT = iphoneos;
				SWIFT_COMPILATION_MODE = wholemodule;
				VALIDATE_PRODUCT = YES;
			};
			name = Release;
		};
		966CBAA52F2DDC1D00ECB764 /* Debug */ = {
			isa = XCBuildConfiguration;
			buildSettings = {
				ASSETCATALOG_COMPILER_APPICON_NAME = AppIcon;
				ASSETCATALOG_COMPILER_GLOBAL_ACCENT_COLOR_NAME = AccentColor;
				CODE_SIGN_STYLE = Automatic;
				CURRENT_PROJECT_VERSION = 1;
				DEVELOPMENT_TEAM = 23463RRK7R;
				ENABLE_PREVIEWS = YES;
				GENERATE_INFOPLIST_FILE = YES;
				INFOPLIST_KEY_UIApplicationSceneManifest_Generation = YES;
				INFOPLIST_KEY_UIApplicationSupportsIndirectInputEvents = YES;
				INFOPLIST_KEY_UILaunchScreen_Generation = YES;
				INFOPLIST_KEY_UISupportedInterfaceOrientations_iPad = "UIInterfaceOrientationPortrait UIInterfaceOrientationPortraitUpsideDown UIInterfaceOrientationLandscapeLeft UIInterfaceOrientationLandscapeRight";
				INFOPLIST_KEY_UISupportedInterfaceOrientations_iPhone = "UIInterfaceOrientationPortrait UIInterfaceOrientationLandscapeLeft UIInterfaceOrientationLandscapeRight";
				IPHONEOS_DEPLOYMENT_TARGET = 18.6;
				LD_RUNPATH_SEARCH_PATHS = (
					"$(inherited)",
					"@executable_path/Frameworks",
				);
				MARKETING_VERSION = 1.0;
				PRODUCT_BUNDLE_IDENTIFIER = "com.News-Mobile";
				PRODUCT_NAME = "$(TARGET_NAME)";
				STRING_CATALOG_GENERATE_SYMBOLS = YES;
				SWIFT_APPROACHABLE_CONCURRENCY = YES;
				SWIFT_DEFAULT_ACTOR_ISOLATION = MainActor;
				SWIFT_EMIT_LOC_STRINGS = YES;
				SWIFT_UPCOMING_FEATURE_MEMBER_IMPORT_VISIBILITY = YES;
				SWIFT_VERSION = 5.0;
				TARGETED_DEVICE_FAMILY = "1,2";
			};
			name = Debug;
		};
		966CBAA62F2DDC1D00ECB764 /* Release */ = {
			isa = XCBuildConfiguration;
			buildSettings = {
				ASSETCATALOG_COMPILER_APPICON_NAME = AppIcon;
				ASSETCATALOG_COMPILER_GLOBAL_ACCENT_COLOR_NAME = AccentColor;
				CODE_SIGN_STYLE = Automatic;
				CURRENT_PROJECT_VERSION = 1;
				DEVELOPMENT_TEAM = 23463RRK7R;
				ENABLE_PREVIEWS = YES;
				GENERATE_INFOPLIST_FILE = YES;
				INFOPLIST_KEY_UIApplicationSceneManifest_Generation = YES;
				INFOPLIST_KEY_UIApplicationSupportsIndirectInputEvents = YES;
				INFOPLIST_KEY_UILaunchScreen_Generation = YES;
				INFOPLIST_KEY_UISupportedInterfaceOrientations_iPad = "UIInterfaceOrientationPortrait UIInterfaceOrientationPortraitUpsideDown UIInterfaceOrientationLandscapeLeft UIInterfaceOrientationLandscapeRight";
				INFOPLIST_KEY_UISupportedInterfaceOrientations_iPhone = "UIInterfaceOrientationPortrait UIInterfaceOrientationLandscapeLeft UIInterfaceOrientationLandscapeRight";
				IPHONEOS_DEPLOYMENT_TARGET = 18.6;
				LD_RUNPATH_SEARCH_PATHS = (
					"$(inherited)",
					"@executable_path/Frameworks",
				);
				MARKETING_VERSION = 1.0;
				PRODUCT_BUNDLE_IDENTIFIER = "com.News-Mobile";
				PRODUCT_NAME = "$(TARGET_NAME)";
				STRING_CATALOG_GENERATE_SYMBOLS = YES;
				SWIFT_APPROACHABLE_CONCURRENCY = YES;
				SWIFT_DEFAULT_ACTOR_ISOLATION = MainActor;
				SWIFT_EMIT_LOC_STRINGS = YES;
				SWIFT_UPCOMING_FEATURE_MEMBER_IMPORT_VISIBILITY = YES;
				SWIFT_VERSION = 5.0;
				TARGETED_DEVICE_FAMILY = "1,2";
			};
			name = Release;
		};
/* End XCBuildConfiguration section */

/* Begin XCConfigurationList section */
		966CBA942F2DDC1B00ECB764 /* Build configuration list for PBXProject "News-Mobile" */ = {
			isa = XCConfigurationList;
			buildConfigurations = (
				966CBAA22F2DDC1D00ECB764 /* Debug */,
				966CBAA32F2DDC1D00ECB764 /* Release */,
			);
			defaultConfigurationIsVisible = 0;
			defaultConfigurationName = Release;
		};
		966CBAA42F2DDC1D00ECB764 /* Build configuration list for PBXNativeTarget "News-Mobile" */ = {
			isa = XCConfigurationList;
			buildConfigurations = (
				966CBAA52F2DDC1D00ECB764 /* Debug */,
				966CBAA62F2DDC1D00ECB764 /* Release */,
			);
			defaultConfigurationIsVisible = 0;
			defaultConfigurationName = Release;
		};
/* End XCConfigurationList section */

/* Begin XCRemoteSwiftPackageReference section */
		96AB26B02F370ED6009A1CCF /* XCRemoteSwiftPackageReference "firebase-ios-sdk" */ = {
			isa = XCRemoteSwiftPackageReference;
			repositoryURL = "https://github.com/firebase/firebase-ios-sdk";
			requirement = {
				kind = upToNextMajorVersion;
				minimumVersion = 12.9.0;
			};
		};
/* End XCRemoteSwiftPackageReference section */

/* Begin XCSwiftPackageProductDependency section */
		96AB26B22F370EE5009A1CCF /* FirebaseAI */ = {
			isa = XCSwiftPackageProductDependency;
			package = 96AB26B02F370ED6009A1CCF /* XCRemoteSwiftPackageReference "firebase-ios-sdk" */;
			productName = FirebaseAI;
		};
		96AB26B42F370EE5009A1CCF /* FirebaseAILogic */ = {
			isa = XCSwiftPackageProductDependency;
			package = 96AB26B02F370ED6009A1CCF /* XCRemoteSwiftPackageReference "firebase-ios-sdk" */;
			productName = FirebaseAILogic;
		};
		96AB26B62F370EE5009A1CCF /* FirebaseAnalytics */ = {
			isa = XCSwiftPackageProductDependency;
			package = 96AB26B02F370ED6009A1CCF /* XCRemoteSwiftPackageReference "firebase-ios-sdk" */;
			productName = FirebaseAnalytics;
		};
		96AB26B82F370EE5009A1CCF /* FirebaseAnalyticsCore */ = {
			isa = XCSwiftPackageProductDependency;
			package = 96AB26B02F370ED6009A1CCF /* XCRemoteSwiftPackageReference "firebase-ios-sdk" */;
			productName = FirebaseAnalyticsCore;
		};
		96AB26BA2F370EE5009A1CCF /* FirebaseAnalyticsIdentitySupport */ = {
			isa = XCSwiftPackageProductDependency;
			package = 96AB26B02F370ED6009A1CCF /* XCRemoteSwiftPackageReference "firebase-ios-sdk" */;
			productName = FirebaseAnalyticsIdentitySupport;
		};
		96AB26BC2F370EE5009A1CCF /* FirebaseAppCheck */ = {
			isa = XCSwiftPackageProductDependency;
			package = 96AB26B02F370ED6009A1CCF /* XCRemoteSwiftPackageReference "firebase-ios-sdk" */;
			productName = FirebaseAppCheck;
		};
		96AB26BE2F370EE5009A1CCF /* FirebaseAppDistribution-Beta */ = {
			isa = XCSwiftPackageProductDependency;
			package = 96AB26B02F370ED6009A1CCF /* XCRemoteSwiftPackageReference "firebase-ios-sdk" */;
			productName = "FirebaseAppDistribution-Beta";
		};
		96AB26C02F370EE5009A1CCF /* FirebaseAuth */ = {
			isa = XCSwiftPackageProductDependency;
			package = 96AB26B02F370ED6009A1CCF /* XCRemoteSwiftPackageReference "firebase-ios-sdk" */;
			productName = FirebaseAuth;
		};
		96AB26C22F370EE5009A1CCF /* FirebaseAuthCombine-Community */ = {
			isa = XCSwiftPackageProductDependency;
			package = 96AB26B02F370ED6009A1CCF /* XCRemoteSwiftPackageReference "firebase-ios-sdk" */;
			productName = "FirebaseAuthCombine-Community";
		};
		96AB26C42F370EE5009A1CCF /* FirebaseCore */ = {
			isa = XCSwiftPackageProductDependency;
			package = 96AB26B02F370ED6009A1CCF /* XCRemoteSwiftPackageReference "firebase-ios-sdk" */;
			productName = FirebaseCore;
		};
		96AB26C62F370EE5009A1CCF /* FirebaseCrashlytics */ = {
			isa = XCSwiftPackageProductDependency;
			package = 96AB26B02F370ED6009A1CCF /* XCRemoteSwiftPackageReference "firebase-ios-sdk" */;
			productName = FirebaseCrashlytics;
		};
		96AB26C82F370EE5009A1CCF /* FirebaseDatabase */ = {
			isa = XCSwiftPackageProductDependency;
			package = 96AB26B02F370ED6009A1CCF /* XCRemoteSwiftPackageReference "firebase-ios-sdk" */;
			productName = FirebaseDatabase;
		};
		96AB26CA2F370EE5009A1CCF /* FirebaseFirestore */ = {
			isa = XCSwiftPackageProductDependency;
			package = 96AB26B02F370ED6009A1CCF /* XCRemoteSwiftPackageReference "firebase-ios-sdk" */;
			productName = FirebaseFirestore;
		};
		96AB26CC2F370EE5009A1CCF /* FirebaseFirestoreCombine-Community */ = {
			isa = XCSwiftPackageProductDependency;
			package = 96AB26B02F370ED6009A1CCF /* XCRemoteSwiftPackageReference "firebase-ios-sdk" */;
			productName = "FirebaseFirestoreCombine-Community";
		};
		96AB26CE2F370EE5009A1CCF /* FirebaseFunctions */ = {
			isa = XCSwiftPackageProductDependency;
			package = 96AB26B02F370ED6009A1CCF /* XCRemoteSwiftPackageReference "firebase-ios-sdk" */;
			productName = FirebaseFunctions;
		};
		96AB26D02F370EE5009A1CCF /* FirebaseFunctionsCombine-Community */ = {
			isa = XCSwiftPackageProductDependency;
			package = 96AB26B02F370ED6009A1CCF /* XCRemoteSwiftPackageReference "firebase-ios-sdk" */;
			productName = "FirebaseFunctionsCombine-Community";
		};
		96AB26D22F370EE5009A1CCF /* FirebaseInAppMessaging-Beta */ = {
			isa = XCSwiftPackageProductDependency;
			package = 96AB26B02F370ED6009A1CCF /* XCRemoteSwiftPackageReference "firebase-ios-sdk" */;
			productName = "FirebaseInAppMessaging-Beta";
		};
		96AB26D42F370EE5009A1CCF /* FirebaseInstallations */ = {
			isa = XCSwiftPackageProductDependency;
			package = 96AB26B02F370ED6009A1CCF /* XCRemoteSwiftPackageReference "firebase-ios-sdk" */;
			productName = FirebaseInstallations;
		};
		96AB26D62F370EE5009A1CCF /* FirebaseMessaging */ = {
			isa = XCSwiftPackageProductDependency;
			package = 96AB26B02F370ED6009A1CCF /* XCRemoteSwiftPackageReference "firebase-ios-sdk" */;
			productName = FirebaseMessaging;
		};
		96AB26D82F370EE5009A1CCF /* FirebaseMLModelDownloader */ = {
			isa = XCSwiftPackageProductDependency;
			package = 96AB26B02F370ED6009A1CCF /* XCRemoteSwiftPackageReference "firebase-ios-sdk" */;
			productName = FirebaseMLModelDownloader;
		};
		96AB26DA2F370EE5009A1CCF /* FirebasePerformance */ = {
			isa = XCSwiftPackageProductDependency;
			package = 96AB26B02F370ED6009A1CCF /* XCRemoteSwiftPackageReference "firebase-ios-sdk" */;
			productName = FirebasePerformance;
		};
		96AB26DC2F370EE5009A1CCF /* FirebaseRemoteConfig */ = {
			isa = XCSwiftPackageProductDependency;
			package = 96AB26B02F370ED6009A1CCF /* XCRemoteSwiftPackageReference "firebase-ios-sdk" */;
			productName = FirebaseRemoteConfig;
		};
		96AB26DE2F370EE5009A1CCF /* FirebaseStorage */ = {
			isa = XCSwiftPackageProductDependency;
			package = 96AB26B02F370ED6009A1CCF /* XCRemoteSwiftPackageReference "firebase-ios-sdk" */;
			productName = FirebaseStorage;
		};
		96AB26E02F370EE5009A1CCF /* FirebaseStorageCombine-Community */ = {
			isa = XCSwiftPackageProductDependency;
			package = 96AB26B02F370ED6009A1CCF /* XCRemoteSwiftPackageReference "firebase-ios-sdk" */;
			productName = "FirebaseStorageCombine-Community";
		};
/* End XCSwiftPackageProductDependency section */
	};
	rootObject = 966CBA912F2DDC1B00ECB764 /* Project object */;
}
